
Microsoft Visual Studio Solution File, Format Version 12.00
# Visual Studio Version 17
VisualStudioVersion = 17.7.34202.233
MinimumVisualStudioVersion = 10.0.40219.1
Project("{FAE04EC0-301F-11D3-BF4B-00C04F79EFBC}") = "DataKlient.UWP", "DataKlient.UWP\DataKlient.UWP.csproj", "{6385D07A-F427-4563-92FF-2A2AE61CEADE}"
EndProject
Project("{FAE04EC0-301F-11D3-BF4B-00C04F79EFBC}") = "DataKlient.iOS", "DataKlient.iOS\DataKlient.iOS.csproj", "{2283E419-873C-4C9E-BBDC-2A16A056B5C6}"
EndProject
Project("{FAE04EC0-301F-11D3-BF4B-00C04F79EFBC}") = "DataKlient", "DataKlient\DataKlient.csproj", "{3A7B9C07-204F-4B55-9D43-77FE518D2A8F}"
EndProject
Global
	GlobalSection(SolutionConfigurationPlatforms) = preSolution
		Debug|Any CPU = Debug|Any CPU
		Debug|ARM = Debug|ARM
		Debug|iPhone = Debug|iPhone
		Debug|iPhoneSimulator = Debug|iPhoneSimulator
		Debug|x64 = Debug|x64
		Debug|x86 = Debug|x86
		Release|Any CPU = Release|Any CPU
		Release|ARM = Release|ARM
		Release|iPhone = Release|iPhone
		Release|iPhoneSimulator = Release|iPhoneSimulator
		Release|x64 = Release|x64
		Release|x86 = Release|x86
	EndGlobalSection
	GlobalSection(ProjectConfigurationPlatforms) = postSolution
		{6385D07A-F427-4563-92FF-2A2AE61CEADE}.Debug|Any CPU.ActiveCfg = Debug|x64
		{6385D07A-F427-4563-92FF-2A2AE61CEADE}.Debug|Any CPU.Build.0 = Debug|x64
		{6385D07A-F427-4563-92FF-2A2AE61CEADE}.Debug|Any CPU.Deploy.0 = Debug|x64
		{6385D07A-F427-4563-92FF-2A2AE61CEADE}.Debug|ARM.ActiveCfg = Debug|ARM
		{6385D07A-F427-4563-92FF-2A2AE61CEADE}.Debug|ARM.Build.0 = Debug|ARM
		{6385D07A-F427-4563-92FF-2A2AE61CEADE}.Debug|ARM.Deploy.0 = Debug|ARM
		{6385D07A-F427-4563-92FF-2A2AE61CEADE}.Debug|iPhone.ActiveCfg = Debug|x64
		{6385D07A-F427-4563-92FF-2A2AE61CEADE}.Debug|iPhone.Build.0 = Debug|x64
		{6385D07A-F427-4563-92FF-2A2AE61CEADE}.Debug|iPhone.Deploy.0 = Debug|x64
		{6385D07A-F427-4563-92FF-2A2AE61CEADE}.Debug|iPhoneSimulator.ActiveCfg = Debug|x64
		{6385D07A-F427-4563-92FF-2A2AE61CEADE}.Debug|iPhoneSimulator.Build.0 = Debug|x64
		{6385D07A-F427-4563-92FF-2A2AE61CEADE}.Debug|iPhoneSimulator.Deploy.0 = Debug|x64
		{6385D07A-F427-4563-92FF-2A2AE61CEADE}.Debug|x64.ActiveCfg = Debug|x64
		{6385D07A-F427-4563-92FF-2A2AE61CEADE}.Debug|x64.Build.0 = Debug|x64
		{6385D07A-F427-4563-92FF-2A2AE61CEADE}.Debug|x64.Deploy.0 = Debug|x64
		{6385D07A-F427-4563-92FF-2A2AE61CEADE}.Debug|x86.ActiveCfg = Debug|x86
		{6385D07A-F427-4563-92FF-2A2AE61CEADE}.Debug|x86.Build.0 = Debug|x86
		{6385D07A-F427-4563-92FF-2A2AE61CEADE}.Debug|x86.Deploy.0 = Debug|x86
		{6385D07A-F427-4563-92FF-2A2AE61CEADE}.Release|Any CPU.ActiveCfg = Release|x64
		{6385D07A-F427-4563-92FF-2A2AE61CEADE}.Release|Any CPU.Build.0 = Release|x64
		{6385D07A-F427-4563-92FF-2A2AE61CEADE}.Release|Any CPU.Deploy.0 = Release|x64
		{6385D07A-F427-4563-92FF-2A2AE61CEADE}.Release|ARM.ActiveCfg = Release|ARM
		{6385D07A-F427-4563-92FF-2A2AE61CEADE}.Release|ARM.Build.0 = Release|ARM
		{6385D07A-F427-4563-92FF-2A2AE61CEADE}.Release|ARM.Deploy.0 = Release|ARM
		{6385D07A-F427-4563-92FF-2A2AE61CEADE}.Release|iPhone.ActiveCfg = Release|x64
		{6385D07A-F427-4563-92FF-2A2AE61CEADE}.Release|iPhone.Build.0 = Release|x64
		{6385D07A-F427-4563-92FF-2A2AE61CEADE}.Release|iPhone.Deploy.0 = Release|x64
		{6385D07A-F427-4563-92FF-2A2AE61CEADE}.Release|iPhoneSimulator.ActiveCfg = Release|x64
		{6385D07A-F427-4563-92FF-2A2AE61CEADE}.Release|iPhoneSimulator.Build.0 = Release|x64
		{6385D07A-F427-4563-92FF-2A2AE61CEADE}.Release|iPhoneSimulator.Deploy.0 = Release|x64
		{6385D07A-F427-4563-92FF-2A2AE61CEADE}.Release|x64.ActiveCfg = Release|x64
		{6385D07A-F427-4563-92FF-2A2AE61CEADE}.Release|x64.Build.0 = Release|x64
		{6385D07A-F427-4563-92FF-2A2AE61CEADE}.Release|x64.Deploy.0 = Release|x64
		{6385D07A-F427-4563-92FF-2A2AE61CEADE}.Release|x86.ActiveCfg = Release|x86
		{6385D07A-F427-4563-92FF-2A2AE61CEADE}.Release|x86.Build.0 = Release|x86
		{6385D07A-F427-4563-92FF-2A2AE61CEADE}.Release|x86.Deploy.0 = Release|x86
		{2283E419-873C-4C9E-BBDC-2A16A056B5C6}.Debug|Any CPU.ActiveCfg = Debug|iPhoneSimulator
		{2283E419-873C-4C9E-BBDC-2A16A056B5C6}.Debug|Any CPU.Build.0 = Debug|iPhoneSimulator
		{2283E419-873C-4C9E-BBDC-2A16A056B5C6}.Debug|Any CPU.Deploy.0 = Debug|iPhoneSimulator
		{2283E419-873C-4C9E-BBDC-2A16A056B5C6}.Debug|ARM.ActiveCfg = Debug|iPhoneSimulator
		{2283E419-873C-4C9E-BBDC-2A16A056B5C6}.Debug|ARM.Build.0 = Debug|iPhoneSimulator
		{2283E419-873C-4C9E-BBDC-2A16A056B5C6}.Debug|ARM.Deploy.0 = Debug|iPhoneSimulator
		{2283E419-873C-4C9E-BBDC-2A16A056B5C6}.Debug|iPhone.ActiveCfg = Debug|iPhone
		{2283E419-873C-4C9E-BBDC-2A16A056B5C6}.Debug|iPhone.Build.0 = Debug|iPhone
		{2283E419-873C-4C9E-BBDC-2A16A056B5C6}.Debug|iPhone.Deploy.0 = Debug|iPhone
		{2283E419-873C-4C9E-BBDC-2A16A056B5C6}.Debug|iPhoneSimulator.ActiveCfg = Debug|iPhoneSimulator
		{2283E419-873C-4C9E-BBDC-2A16A056B5C6}.Debug|iPhoneSimulator.Build.0 = Debug|iPhoneSimulator
		{2283E419-873C-4C9E-BBDC-2A16A056B5C6}.Debug|iPhoneSimulator.Deploy.0 = Debug|iPhoneSimulator
		{2283E419-873C-4C9E-BBDC-2A16A056B5C6}.Debug|x64.ActiveCfg = Debug|iPhone
		{2283E419-873C-4C9E-BBDC-2A16A056B5C6}.Debug|x64.Build.0 = Debug|iPhone
		{2283E419-873C-4C9E-BBDC-2A16A056B5C6}.Debug|x64.Deploy.0 = Debug|iPhone
		{2283E419-873C-4C9E-BBDC-2A16A056B5C6}.Debug|x86.ActiveCfg = Debug|iPhoneSimulator
		{2283E419-873C-4C9E-BBDC-2A16A056B5C6}.Debug|x86.Build.0 = Debug|iPhoneSimulator
		{2283E419-873C-4C9E-BBDC-2A16A056B5C6}.Debug|x86.Deploy.0 = Debug|iPhoneSimulator
		{2283E419-873C-4C9E-BBDC-2A16A056B5C6}.Release|Any CPU.ActiveCfg = Release|iPhoneSimulator
		{2283E419-873C-4C9E-BBDC-2A16A056B5C6}.Release|Any CPU.Build.0 = Release|iPhoneSimulator
		{2283E419-873C-4C9E-BBDC-2A16A056B5C6}.Release|Any CPU.Deploy.0 = Release|iPhoneSimulator
		{2283E419-873C-4C9E-BBDC-2A16A056B5C6}.Release|ARM.ActiveCfg = Release|iPhoneSimulator
		{2283E419-873C-4C9E-BBDC-2A16A056B5C6}.Release|ARM.Build.0 = Release|iPhoneSimulator
		{2283E419-873C-4C9E-BBDC-2A16A056B5C6}.Release|ARM.Deploy.0 = Release|iPhoneSimulator
		{2283E419-873C-4C9E-BBDC-2A16A056B5C6}.Release|iPhone.ActiveCfg = Release|iPhone
		{2283E419-873C-4C9E-BBDC-2A16A056B5C6}.Release|iPhone.Build.0 = Release|iPhone
		{2283E419-873C-4C9E-BBDC-2A16A056B5C6}.Release|iPhone.Deploy.0 = Release|iPhone
		{2283E419-873C-4C9E-BBDC-2A16A056B5C6}.Release|iPhoneSimulator.ActiveCfg = Release|iPhoneSimulator
		{2283E419-873C-4C9E-BBDC-2A16A056B5C6}.Release|iPhoneSimulator.Build.0 = Release|iPhoneSimulator
		{2283E419-873C-4C9E-BBDC-2A16A056B5C6}.Release|iPhoneSimulator.Deploy.0 = Release|iPhoneSimulator
		{2283E419-873C-4C9E-BBDC-2A16A056B5C6}.Release|x64.ActiveCfg = Release|iPhoneSimulator
		{2283E419-873C-4C9E-BBDC-2A16A056B5C6}.Release|x64.Build.0 = Release|iPhoneSimulator
		{2283E419-873C-4C9E-BBDC-2A16A056B5C6}.Release|x64.Deploy.0 = Release|iPhoneSimulator
		{2283E419-873C-4C9E-BBDC-2A16A056B5C6}.Release|x86.ActiveCfg = Release|iPhoneSimulator
		{2283E419-873C-4C9E-BBDC-2A16A056B5C6}.Release|x86.Build.0 = Release|iPhoneSimulator
		{2283E419-873C-4C9E-BBDC-2A16A056B5C6}.Release|x86.Deploy.0 = Release|iPhoneSimulator
		{3A7B9C07-204F-4B55-9D43-77FE518D2A8F}.Debug|Any CPU.ActiveCfg = Debug|Any CPU
		{3A7B9C07-204F-4B55-9D43-77FE518D2A8F}.Debug|Any CPU.Build.0 = Debug|Any CPU
		{3A7B9C07-204F-4B55-9D43-77FE518D2A8F}.Debug|Any CPU.Deploy.0 = Debug|Any CPU
		{3A7B9C07-204F-4B55-9D43-77FE518D2A8F}.Debug|ARM.ActiveCfg = Debug|Any CPU
		{3A7B9C07-204F-4B55-9D43-77FE518D2A8F}.Debug|ARM.Build.0 = Debug|Any CPU
		{3A7B9C07-204F-4B55-9D43-77FE518D2A8F}.Debug|ARM.Deploy.0 = Debug|Any CPU
		{3A7B9C07-204F-4B55-9D43-77FE518D2A8F}.Debug|iPhone.ActiveCfg = Debug|Any CPU
		{3A7B9C07-204F-4B55-9D43-77FE518D2A8F}.Debug|iPhone.Build.0 = Debug|Any CPU
		{3A7B9C07-204F-4B55-9D43-77FE518D2A8F}.Debug|iPhone.Deploy.0 = Debug|Any CPU
		{3A7B9C07-204F-4B55-9D43-77FE518D2A8F}.Debug|iPhoneSimulator.ActiveCfg = Debug|Any CPU
		{3A7B9C07-204F-4B55-9D43-77FE518D2A8F}.Debug|iPhoneSimulator.Build.0 = Debug|Any CPU
		{3A7B9C07-204F-4B55-9D43-77FE518D2A8F}.Debug|iPhoneSimulator.Deploy.0 = Debug|Any CPU
		{3A7B9C07-204F-4B55-9D43-77FE518D2A8F}.Debug|x64.ActiveCfg = Debug|Any CPU
		{3A7B9C07-204F-4B55-9D43-77FE518D2A8F}.Debug|x64.Build.0 = Debug|Any CPU
		{3A7B9C07-204F-4B55-9D43-77FE518D2A8F}.Debug|x64.Deploy.0 = Debug|Any CPU
		{3A7B9C07-204F-4B55-9D43-77FE518D2A8F}.Debug|x86.ActiveCfg = Debug|Any CPU
		{3A7B9C07-204F-4B55-9D43-77FE518D2A8F}.Debug|x86.Build.0 = Debug|Any CPU
		{3A7B9C07-204F-4B55-9D43-77FE518D2A8F}.Debug|x86.Deploy.0 = Debug|Any CPU
		{3A7B9C07-204F-4B55-9D43-77FE518D2A8F}.Release|Any CPU.ActiveCfg = Release|Any CPU
		{3A7B9C07-204F-4B55-9D43-77FE518D2A8F}.Release|Any CPU.Build.0 = Release|Any CPU
		{3A7B9C07-204F-4B55-9D43-77FE518D2A8F}.Release|Any CPU.Deploy.0 = Release|Any CPU
		{3A7B9C07-204F-4B55-9D43-77FE518D2A8F}.Release|ARM.ActiveCfg = Release|Any CPU
		{3A7B9C07-204F-4B55-9D43-77FE518D2A8F}.Release|ARM.Build.0 = Release|Any CPU
		{3A7B9C07-204F-4B55-9D43-77FE518D2A8F}.Release|ARM.Deploy.0 = Release|Any CPU
		{3A7B9C07-204F-4B55-9D43-77FE518D2A8F}.Release|iPhone.ActiveCfg = Release|Any CPU
		{3A7B9C07-204F-4B55-9D43-77FE518D2A8F}.Release|iPhone.Build.0 = Release|Any CPU
		{3A7B9C07-204F-4B55-9D43-77FE518D2A8F}.Release|iPhone.Deploy.0 = Release|Any CPU
		{3A7B9C07-204F-4B55-9D43-77FE518D2A8F}.Release|iPhoneSimulator.ActiveCfg = Release|Any CPU
		{3A7B9C07-204F-4B55-9D43-77FE518D2A8F}.Release|iPhoneSimulator.Build.0 = Release|Any CPU
		{3A7B9C07-204F-4B55-9D43-77FE518D2A8F}.Release|iPhoneSimulator.Deploy.0 = Release|Any CPU
		{3A7B9C07-204F-4B55-9D43-77FE518D2A8F}.Release|x64.ActiveCfg = Release|Any CPU
		{3A7B9C07-204F-4B55-9D43-77FE518D2A8F}.Release|x64.Build.0 = Release|Any CPU
		{3A7B9C07-204F-4B55-9D43-77FE518D2A8F}.Release|x64.Deploy.0 = Release|Any CPU
		{3A7B9C07-204F-4B55-9D43-77FE518D2A8F}.Release|x86.ActiveCfg = Release|Any CPU
		{3A7B9C07-204F-4B55-9D43-77FE518D2A8F}.Release|x86.Build.0 = Release|Any CPU
		{3A7B9C07-204F-4B55-9D43-77FE518D2A8F}.Release|x86.Deploy.0 = Release|Any CPU
	EndGlobalSection
	GlobalSection(SolutionProperties) = preSolution
		HideSolutionNode = FALSE
	EndGlobalSection
	GlobalSection(ExtensibilityGlobals) = postSolution
		SolutionGuid = {C5185EA2-9AB7-4568-B4A0-B2396F42518F}
	EndGlobalSection
EndGlobal
